// !$*UTF8*$!
{
	archiveVersion = 1;
	classes = {
	};
	objectVersion = 46;
	objects = {

/* Begin PBXBuildFile section */
		70E06B4B1F525AD80011DFA5 /* AppDelegate.swift in Sources */ = {isa = PBXBuildFile; fileRef = 70E06B4A1F525AD80011DFA5 /* AppDelegate.swift */; };
		70E06B4D1F525AD80011DFA5 /* ViewController.swift in Sources */ = {isa = PBXBuildFile; fileRef = 70E06B4C1F525AD80011DFA5 /* ViewController.swift */; };
		70E06B501F525AD80011DFA5 /* Main.storyboard in Resources */ = {isa = PBXBuildFile; fileRef = 70E06B4E1F525AD80011DFA5 /* Main.storyboard */; };
		70E06B521F525AD80011DFA5 /* Assets.xcassets in Resources */ = {isa = PBXBuildFile; fileRef = 70E06B511F525AD80011DFA5 /* Assets.xcassets */; };
		70E06B551F525AD80011DFA5 /* LaunchScreen.storyboard in Resources */ = {isa = PBXBuildFile; fileRef = 70E06B531F525AD80011DFA5 /* LaunchScreen.storyboard */; };
		70E06B601F525AD80011DFA5 /* APIClientTests.swift in Sources */ = {isa = PBXBuildFile; fileRef = 70E06B5F1F525AD80011DFA5 /* APIClientTests.swift */; };
		70E06B6C1F526D390011DFA5 /* Request.swift in Sources */ = {isa = PBXBuildFile; fileRef = 70E06B6B1F526D390011DFA5 /* Request.swift */; };
		70E06B6E1F5270A20011DFA5 /* LoginRequest.swift in Sources */ = {isa = PBXBuildFile; fileRef = 70E06B6D1F5270A20011DFA5 /* LoginRequest.swift */; };
		70E06B701F5270E70011DFA5 /* APIClient.swift in Sources */ = {isa = PBXBuildFile; fileRef = 70E06B6F1F5270E70011DFA5 /* APIClient.swift */; };
		70E06B731F5271450011DFA5 /* Response.swift in Sources */ = {isa = PBXBuildFile; fileRef = 70E06B721F5271450011DFA5 /* Response.swift */; };
		70E06B751F527B9F0011DFA5 /* KeyPaths.swift in Sources */ = {isa = PBXBuildFile; fileRef = 70E06B741F527B9F0011DFA5 /* KeyPaths.swift */; };
		70E06B771F527C4E0011DFA5 /* LoginRequestTests.swift in Sources */ = {isa = PBXBuildFile; fileRef = 70E06B761F527C4E0011DFA5 /* LoginRequestTests.swift */; };
		70E06B791F527F680011DFA5 /* JsonHelper.swift in Sources */ = {isa = PBXBuildFile; fileRef = 70E06B781F527F680011DFA5 /* JsonHelper.swift */; };
		70E06B7B1F5282610011DFA5 /* JsonHelperTests.swift in Sources */ = {isa = PBXBuildFile; fileRef = 70E06B7A1F5282610011DFA5 /* JsonHelperTests.swift */; };
/* End PBXBuildFile section */

/* Begin PBXContainerItemProxy section */
		70E06B5C1F525AD80011DFA5 /* PBXContainerItemProxy */ = {
			isa = PBXContainerItemProxy;
			containerPortal = 70E06B3F1F525AD80011DFA5 /* Project object */;
			proxyType = 1;
			remoteGlobalIDString = 70E06B461F525AD80011DFA5;
			remoteInfo = APIClient;
		};
/* End PBXContainerItemProxy section */

/* Begin PBXFileReference section */
		70E06B471F525AD80011DFA5 /* APIClient.app */ = {isa = PBXFileReference; explicitFileType = wrapper.application; includeInIndex = 0; path = APIClient.app; sourceTree = BUILT_PRODUCTS_DIR; };
		70E06B4A1F525AD80011DFA5 /* AppDelegate.swift */ = {isa = PBXFileReference; lastKnownFileType = sourcecode.swift; path = AppDelegate.swift; sourceTree = "<group>"; };
		70E06B4C1F525AD80011DFA5 /* ViewController.swift */ = {isa = PBXFileReference; lastKnownFileType = sourcecode.swift; path = ViewController.swift; sourceTree = "<group>"; };
		70E06B4F1F525AD80011DFA5 /* Base */ = {isa = PBXFileReference; lastKnownFileType = file.storyboard; name = Base; path = Base.lproj/Main.storyboard; sourceTree = "<group>"; };
		70E06B511F525AD80011DFA5 /* Assets.xcassets */ = {isa = PBXFileReference; lastKnownFileType = folder.assetcatalog; path = Assets.xcassets; sourceTree = "<group>"; };
		70E06B541F525AD80011DFA5 /* Base */ = {isa = PBXFileReference; lastKnownFileType = file.storyboard; name = Base; path = Base.lproj/LaunchScreen.storyboard; sourceTree = "<group>"; };
		70E06B561F525AD80011DFA5 /* Info.plist */ = {isa = PBXFileReference; lastKnownFileType = text.plist.xml; path = Info.plist; sourceTree = "<group>"; };
		70E06B5B1F525AD80011DFA5 /* APIClientTests.xctest */ = {isa = PBXFileReference; explicitFileType = wrapper.cfbundle; includeInIndex = 0; path = APIClientTests.xctest; sourceTree = BUILT_PRODUCTS_DIR; };
		70E06B5F1F525AD80011DFA5 /* APIClientTests.swift */ = {isa = PBXFileReference; lastKnownFileType = sourcecode.swift; path = APIClientTests.swift; sourceTree = "<group>"; };
		70E06B611F525AD80011DFA5 /* Info.plist */ = {isa = PBXFileReference; lastKnownFileType = text.plist.xml; path = Info.plist; sourceTree = "<group>"; };
		70E06B6B1F526D390011DFA5 /* Request.swift */ = {isa = PBXFileReference; fileEncoding = 4; lastKnownFileType = sourcecode.swift; path = Request.swift; sourceTree = "<group>"; };
		70E06B6D1F5270A20011DFA5 /* LoginRequest.swift */ = {isa = PBXFileReference; fileEncoding = 4; lastKnownFileType = sourcecode.swift; path = LoginRequest.swift; sourceTree = "<group>"; };
		70E06B6F1F5270E70011DFA5 /* APIClient.swift */ = {isa = PBXFileReference; fileEncoding = 4; lastKnownFileType = sourcecode.swift; path = APIClient.swift; sourceTree = "<group>"; };
		70E06B721F5271450011DFA5 /* Response.swift */ = {isa = PBXFileReference; fileEncoding = 4; lastKnownFileType = sourcecode.swift; path = Response.swift; sourceTree = "<group>"; };
		70E06B741F527B9F0011DFA5 /* KeyPaths.swift */ = {isa = PBXFileReference; fileEncoding = 4; lastKnownFileType = sourcecode.swift; path = KeyPaths.swift; sourceTree = "<group>"; };
		70E06B761F527C4E0011DFA5 /* LoginRequestTests.swift */ = {isa = PBXFileReference; fileEncoding = 4; lastKnownFileType = sourcecode.swift; path = LoginRequestTests.swift; sourceTree = "<group>"; };
		70E06B781F527F680011DFA5 /* JsonHelper.swift */ = {isa = PBXFileReference; fileEncoding = 4; lastKnownFileType = sourcecode.swift; path = JsonHelper.swift; sourceTree = "<group>"; };
		70E06B7A1F5282610011DFA5 /* JsonHelperTests.swift */ = {isa = PBXFileReference; fileEncoding = 4; lastKnownFileType = sourcecode.swift; path = JsonHelperTests.swift; sourceTree = "<group>"; };
/* End PBXFileReference section */

/* Begin PBXFrameworksBuildPhase section */
		70E06B441F525AD80011DFA5 /* Frameworks */ = {
			isa = PBXFrameworksBuildPhase;
			buildActionMask = 2147483647;
			files = (
			);
			runOnlyForDeploymentPostprocessing = 0;
		};
		70E06B581F525AD80011DFA5 /* Frameworks */ = {
			isa = PBXFrameworksBuildPhase;
			buildActionMask = 2147483647;
			files = (
			);
			runOnlyForDeploymentPostprocessing = 0;
		};
/* End PBXFrameworksBuildPhase section */

/* Begin PBXGroup section */
		70E06B3E1F525AD80011DFA5 = {
			isa = PBXGroup;
			children = (
				70E06B491F525AD80011DFA5 /* APIClient */,
				70E06B5E1F525AD80011DFA5 /* APIClientTests */,
				70E06B481F525AD80011DFA5 /* Products */,
			);
			sourceTree = "<group>";
		};
		70E06B481F525AD80011DFA5 /* Products */ = {
			isa = PBXGroup;
			children = (
				70E06B471F525AD80011DFA5 /* APIClient.app */,
				70E06B5B1F525AD80011DFA5 /* APIClientTests.xctest */,
			);
			name = Products;
			sourceTree = "<group>";
		};
		70E06B491F525AD80011DFA5 /* APIClient */ = {
			isa = PBXGroup;
			children = (
				70E06B711F5271380011DFA5 /* Response */,
				70E06B6A1F526D130011DFA5 /* Request */,
				70E06B4A1F525AD80011DFA5 /* AppDelegate.swift */,
				70E06B4C1F525AD80011DFA5 /* ViewController.swift */,
				70E06B4E1F525AD80011DFA5 /* Main.storyboard */,
				70E06B511F525AD80011DFA5 /* Assets.xcassets */,
				70E06B531F525AD80011DFA5 /* LaunchScreen.storyboard */,
				70E06B561F525AD80011DFA5 /* Info.plist */,
				70E06B6F1F5270E70011DFA5 /* APIClient.swift */,
				70E06B741F527B9F0011DFA5 /* KeyPaths.swift */,
				70E06B781F527F680011DFA5 /* JsonHelper.swift */,
			);
			path = APIClient;
			sourceTree = "<group>";
		};
		70E06B5E1F525AD80011DFA5 /* APIClientTests */ = {
			isa = PBXGroup;
			children = (
				70E06B5F1F525AD80011DFA5 /* APIClientTests.swift */,
				70E06B611F525AD80011DFA5 /* Info.plist */,
				70E06B761F527C4E0011DFA5 /* LoginRequestTests.swift */,
				70E06B7A1F5282610011DFA5 /* JsonHelperTests.swift */,
			);
			path = APIClientTests;
			sourceTree = "<group>";
		};
		70E06B6A1F526D130011DFA5 /* Request */ = {
			isa = PBXGroup;
			children = (
				70E06B6B1F526D390011DFA5 /* Request.swift */,
				70E06B6D1F5270A20011DFA5 /* LoginRequest.swift */,
			);
			name = Request;
			sourceTree = "<group>";
		};
		70E06B711F5271380011DFA5 /* Response */ = {
			isa = PBXGroup;
			children = (
				70E06B721F5271450011DFA5 /* Response.swift */,
			);
			name = Response;
			sourceTree = "<group>";
		};
/* End PBXGroup section */

/* Begin PBXNativeTarget section */
		70E06B461F525AD80011DFA5 /* APIClient */ = {
			isa = PBXNativeTarget;
			buildConfigurationList = 70E06B641F525AD80011DFA5 /* Build configuration list for PBXNativeTarget "APIClient" */;
			buildPhases = (
				70E06B431F525AD80011DFA5 /* Sources */,
				70E06B441F525AD80011DFA5 /* Frameworks */,
				70E06B451F525AD80011DFA5 /* Resources */,
			);
			buildRules = (
			);
			dependencies = (
			);
			name = APIClient;
			productName = APIClient;
			productReference = 70E06B471F525AD80011DFA5 /* APIClient.app */;
			productType = "com.apple.product-type.application";
		};
		70E06B5A1F525AD80011DFA5 /* APIClientTests */ = {
			isa = PBXNativeTarget;
			buildConfigurationList = 70E06B671F525AD80011DFA5 /* Build configuration list for PBXNativeTarget "APIClientTests" */;
			buildPhases = (
				70E06B571F525AD80011DFA5 /* Sources */,
				70E06B581F525AD80011DFA5 /* Frameworks */,
				70E06B591F525AD80011DFA5 /* Resources */,
			);
			buildRules = (
			);
			dependencies = (
				70E06B5D1F525AD80011DFA5 /* PBXTargetDependency */,
			);
			name = APIClientTests;
			productName = APIClientTests;
			productReference = 70E06B5B1F525AD80011DFA5 /* APIClientTests.xctest */;
			productType = "com.apple.product-type.bundle.unit-test";
		};
/* End PBXNativeTarget section */

/* Begin PBXProject section */
		70E06B3F1F525AD80011DFA5 /* Project object */ = {
			isa = PBXProject;
			attributes = {
				LastSwiftUpdateCheck = 0830;
				LastUpgradeCheck = 0830;
				ORGANIZATIONNAME = smakino;
				TargetAttributes = {
					70E06B461F525AD80011DFA5 = {
						CreatedOnToolsVersion = 8.3.3;
						ProvisioningStyle = Automatic;
					};
					70E06B5A1F525AD80011DFA5 = {
						CreatedOnToolsVersion = 8.3.3;
						ProvisioningStyle = Automatic;
						TestTargetID = 70E06B461F525AD80011DFA5;
					};
				};
			};
			buildConfigurationList = 70E06B421F525AD80011DFA5 /* Build configuration list for PBXProject "APIClient" */;
			compatibilityVersion = "Xcode 3.2";
			developmentRegion = English;
			hasScannedForEncodings = 0;
			knownRegions = (
				en,
				Base,
			);
			mainGroup = 70E06B3E1F525AD80011DFA5;
			productRefGroup = 70E06B481F525AD80011DFA5 /* Products */;
			projectDirPath = "";
			projectRoot = "";
			targets = (
				70E06B461F525AD80011DFA5 /* APIClient */,
				70E06B5A1F525AD80011DFA5 /* APIClientTests */,
			);
		};
/* End PBXProject section */

/* Begin PBXResourcesBuildPhase section */
		70E06B451F525AD80011DFA5 /* Resources */ = {
			isa = PBXResourcesBuildPhase;
			buildActionMask = 2147483647;
			files = (
				70E06B551F525AD80011DFA5 /* LaunchScreen.storyboard in Resources */,
				70E06B521F525AD80011DFA5 /* Assets.xcassets in Resources */,
				70E06B501F525AD80011DFA5 /* Main.storyboard in Resources */,
			);
			runOnlyForDeploymentPostprocessing = 0;
		};
		70E06B591F525AD80011DFA5 /* Resources */ = {
			isa = PBXResourcesBuildPhase;
			buildActionMask = 2147483647;
			files = (
			);
			runOnlyForDeploymentPostprocessing = 0;
		};
/* End PBXResourcesBuildPhase section */

/* Begin PBXSourcesBuildPhase section */
		70E06B431F525AD80011DFA5 /* Sources */ = {
			isa = PBXSourcesBuildPhase;
			buildActionMask = 2147483647;
			files = (
				70E06B6C1F526D390011DFA5 /* Request.swift in Sources */,
				70E06B751F527B9F0011DFA5 /* KeyPaths.swift in Sources */,
				70E06B4D1F525AD80011DFA5 /* ViewController.swift in Sources */,
				70E06B4B1F525AD80011DFA5 /* AppDelegate.swift in Sources */,
				70E06B701F5270E70011DFA5 /* APIClient.swift in Sources */,
				70E06B791F527F680011DFA5 /* JsonHelper.swift in Sources */,
				70E06B731F5271450011DFA5 /* Response.swift in Sources */,
				70E06B6E1F5270A20011DFA5 /* LoginRequest.swift in Sources */,
			);
			runOnlyForDeploymentPostprocessing = 0;
		};
		70E06B571F525AD80011DFA5 /* Sources */ = {
			isa = PBXSourcesBuildPhase;
			buildActionMask = 2147483647;
			files = (
				70E06B601F525AD80011DFA5 /* APIClientTests.swift in Sources */,
				70E06B7B1F5282610011DFA5 /* JsonHelperTests.swift in Sources */,
				70E06B771F527C4E0011DFA5 /* LoginRequestTests.swift in Sources */,
			);
			runOnlyForDeploymentPostprocessing = 0;
		};
/* End PBXSourcesBuildPhase section */

/* Begin PBXTargetDependency section */
		70E06B5D1F525AD80011DFA5 /* PBXTargetDependency */ = {
			isa = PBXTargetDependency;
			target = 70E06B461F525AD80011DFA5 /* APIClient */;
			targetProxy = 70E06B5C1F525AD80011DFA5 /* PBXContainerItemProxy */;
		};
/* End PBXTargetDependency section */

/* Begin PBXVariantGroup section */
		70E06B4E1F525AD80011DFA5 /* Main.storyboard */ = {
			isa = PBXVariantGroup;
			children = (
				70E06B4F1F525AD80011DFA5 /* Base */,
			);
			name = Main.storyboard;
			sourceTree = "<group>";
		};
		70E06B531F525AD80011DFA5 /* LaunchScreen.storyboard */ = {
			isa = PBXVariantGroup;
			children = (
				70E06B541F525AD80011DFA5 /* Base */,
			);
			name = LaunchScreen.storyboard;
			sourceTree = "<group>";
		};
/* End PBXVariantGroup section */

/* Begin XCBuildConfiguration section */
		70E06B621F525AD80011DFA5 /* Debug */ = {
			isa = XCBuildConfiguration;
			buildSettings = {
				ALWAYS_SEARCH_USER_PATHS = NO;
				CLANG_ANALYZER_NONNULL = YES;
				CLANG_ANALYZER_NUMBER_OBJECT_CONVERSION = YES_AGGRESSIVE;
				CLANG_CXX_LANGUAGE_STANDARD = "gnu++0x";
				CLANG_CXX_LIBRARY = "libc++";
				CLANG_ENABLE_MODULES = YES;
				CLANG_ENABLE_OBJC_ARC = YES;
				CLANG_WARN_BOOL_CONVERSION = YES;
				CLANG_WARN_CONSTANT_CONVERSION = YES;
				CLANG_WARN_DIRECT_OBJC_ISA_USAGE = YES_ERROR;
				CLANG_WARN_DOCUMENTATION_COMMENTS = YES;
				CLANG_WARN_EMPTY_BODY = YES;
				CLANG_WARN_ENUM_CONVERSION = YES;
				CLANG_WARN_INFINITE_RECURSION = YES;
				CLANG_WARN_INT_CONVERSION = YES;
				CLANG_WARN_OBJC_ROOT_CLASS = YES_ERROR;
				CLANG_WARN_SUSPICIOUS_MOVE = YES;
				CLANG_WARN_UNREACHABLE_CODE = YES;
				CLANG_WARN__DUPLICATE_METHOD_MATCH = YES;
				"CODE_SIGN_IDENTITY[sdk=iphoneos*]" = "iPhone Developer";
				COPY_PHASE_STRIP = NO;
				DEBUG_INFORMATION_FORMAT = dwarf;
				ENABLE_STRICT_OBJC_MSGSEND = YES;
				ENABLE_TESTABILITY = YES;
				GCC_C_LANGUAGE_STANDARD = gnu99;
				GCC_DYNAMIC_NO_PIC = NO;
				GCC_NO_COMMON_BLOCKS = YES;
				GCC_OPTIMIZATION_LEVEL = 0;
				GCC_PREPROCESSOR_DEFINITIONS = (
					"DEBUG=1",
					"$(inherited)",
				);
				GCC_WARN_64_TO_32_BIT_CONVERSION = YES;
				GCC_WARN_ABOUT_RETURN_TYPE = YES_ERROR;
				GCC_WARN_UNDECLARED_SELECTOR = YES;
				GCC_WARN_UNINITIALIZED_AUTOS = YES_AGGRESSIVE;
				GCC_WARN_UNUSED_FUNCTION = YES;
				GCC_WARN_UNUSED_VARIABLE = YES;
				IPHONEOS_DEPLOYMENT_TARGET = 10.3;
				MTL_ENABLE_DEBUG_INFO = YES;
				ONLY_ACTIVE_ARCH = YES;
				SDKROOT = iphoneos;
				SWIFT_ACTIVE_COMPILATION_CONDITIONS = DEBUG;
				SWIFT_OPTIMIZATION_LEVEL = "-Onone";
				TARGETED_DEVICE_FAMILY = "1,2";
			};
			name = Debug;
		};
		70E06B631F525AD80011DFA5 /* Release */ = {
			isa = XCBuildConfiguration;
			buildSettings = {
				ALWAYS_SEARCH_USER_PATHS = NO;
				CLANG_ANALYZER_NONNULL = YES;
				CLANG_ANALYZER_NUMBER_OBJECT_CONVERSION = YES_AGGRESSIVE;
				CLANG_CXX_LANGUAGE_STANDARD = "gnu++0x";
				CLANG_CXX_LIBRARY = "libc++";
				CLANG_ENABLE_MODULES = YES;
				CLANG_ENABLE_OBJC_ARC = YES;
				CLANG_WARN_BOOL_CONVERSION = YES;
				CLANG_WARN_CONSTANT_CONVERSION = YES;
				CLANG_WARN_DIRECT_OBJC_ISA_USAGE = YES_ERROR;
				CLANG_WARN_DOCUMENTATION_COMMENTS = YES;
				CLANG_WARN_EMPTY_BODY = YES;
				CLANG_WARN_ENUM_CONVERSION = YES;
				CLANG_WARN_INFINITE_RECURSION = YES;
				CLANG_WARN_INT_CONVERSION = YES;
				CLANG_WARN_OBJC_ROOT_CLASS = YES_ERROR;
				CLANG_WARN_SUSPICIOUS_MOVE = YES;
				CLANG_WARN_UNREACHABLE_CODE = YES;
				CLANG_WARN__DUPLICATE_METHOD_MATCH = YES;
				"CODE_SIGN_IDENTITY[sdk=iphoneos*]" = "iPhone Developer";
				COPY_PHASE_STRIP = NO;
				DEBUG_INFORMATION_FORMAT = "dwarf-with-dsym";
				ENABLE_NS_ASSERTIONS = NO;
				ENABLE_STRICT_OBJC_MSGSEND = YES;
				GCC_C_LANGUAGE_STANDARD = gnu99;
				GCC_NO_COMMON_BLOCKS = YES;
				GCC_WARN_64_TO_32_BIT_CONVERSION = YES;
				GCC_WARN_ABOUT_RETURN_TYPE = YES_ERROR;
				GCC_WARN_UNDECLARED_SELECTOR = YES;
				GCC_WARN_UNINITIALIZED_AUTOS = YES_AGGRESSIVE;
				GCC_WARN_UNUSED_FUNCTION = YES;
				GCC_WARN_UNUSED_VARIABLE = YES;
				IPHONEOS_DEPLOYMENT_TARGET = 10.3;
				MTL_ENABLE_DEBUG_INFO = NO;
				SDKROOT = iphoneos;
				SWIFT_OPTIMIZATION_LEVEL = "-Owholemodule";
				TARGETED_DEVICE_FAMILY = "1,2";
				VALIDATE_PRODUCT = YES;
			};
			name = Release;
		};
		70E06B651F525AD80011DFA5 /* Debug */ = {
			isa = XCBuildConfiguration;
			buildSettings = {
				ASSETCATALOG_COMPILER_APPICON_NAME = AppIcon;
				INFOPLIST_FILE = APIClient/Info.plist;
				LD_RUNPATH_SEARCH_PATHS = "$(inherited) @executable_path/Frameworks";
				PRODUCT_BUNDLE_IDENTIFIER = com.smakino.APIClient;
				PRODUCT_NAME = "$(TARGET_NAME)";
				SWIFT_VERSION = 3.0;
			};
			name = Debug;
		};
		70E06B661F525AD80011DFA5 /* Release */ = {
			isa = XCBuildConfiguration;
			buildSettings = {
				ASSETCATALOG_COMPILER_APPICON_NAME = AppIcon;
				INFOPLIST_FILE = APIClient/Info.plist;
				LD_RUNPATH_SEARCH_PATHS = "$(inherited) @executable_path/Frameworks";
				PRODUCT_BUNDLE_IDENTIFIER = com.smakino.APIClient;
				PRODUCT_NAME = "$(TARGET_NAME)";
				SWIFT_VERSION = 3.0;
			};
			name = Release;
		};
		70E06B681F525AD80011DFA5 /* Debug */ = {
			isa = XCBuildConfiguration;
			buildSettings = {
				ALWAYS_EMBED_SWIFT_STANDARD_LIBRARIES = YES;
				BUNDLE_LOADER = "$(TEST_HOST)";
				INFOPLIST_FILE = APIClientTests/Info.plist;
				LD_RUNPATH_SEARCH_PATHS = "$(inherited) @executable_path/Frameworks @loader_path/Frameworks";
				PRODUCT_BUNDLE_IDENTIFIER = com.smakino.APIClientTests;
				PRODUCT_NAME = "$(TARGET_NAME)";
				SWIFT_VERSION = 3.0;
				TEST_HOST = "$(BUILT_PRODUCTS_DIR)/APIClient.app/APIClient";
			};
			name = Debug;
		};
		70E06B691F525AD80011DFA5 /* Release */ = {
			isa = XCBuildConfiguration;
			buildSettings = {
				ALWAYS_EMBED_SWIFT_STANDARD_LIBRARIES = YES;
				BUNDLE_LOADER = "$(TEST_HOST)";
				INFOPLIST_FILE = APIClientTests/Info.plist;
				LD_RUNPATH_SEARCH_PATHS = "$(inherited) @executable_path/Frameworks @loader_path/Frameworks";
				PRODUCT_BUNDLE_IDENTIFIER = com.smakino.APIClientTests;
				PRODUCT_NAME = "$(TARGET_NAME)";
				SWIFT_VERSION = 3.0;
				TEST_HOST = "$(BUILT_PRODUCTS_DIR)/APIClient.app/APIClient";
			};
			name = Release;
		};
/* End XCBuildConfiguration section */

/* Begin XCConfigurationList section */
		70E06B421F525AD80011DFA5 /* Build configuration list for PBXProject "APIClient" */ = {
			isa = XCConfigurationList;
			buildConfigurations = (
				70E06B621F525AD80011DFA5 /* Debug */,
				70E06B631F525AD80011DFA5 /* Release */,
			);
			defaultConfigurationIsVisible = 0;
			defaultConfigurationName = Release;
		};
		70E06B641F525AD80011DFA5 /* Build configuration list for PBXNativeTarget "APIClient" */ = {
			isa = XCConfigurationList;
			buildConfigurations = (
				70E06B651F525AD80011DFA5 /* Debug */,
				70E06B661F525AD80011DFA5 /* Release */,
			);
			defaultConfigurationIsVisible = 0;
			defaultConfigurationName = Release;
		};
		70E06B671F525AD80011DFA5 /* Build configuration list for PBXNativeTarget "APIClientTests" */ = {
			isa = XCConfigurationList;
			buildConfigurations = (
				70E06B681F525AD80011DFA5 /* Debug */,
				70E06B691F525AD80011DFA5 /* Release */,
			);
			defaultConfigurationIsVisible = 0;
			defaultConfigurationName = Release;
		};
/* End XCConfigurationList section */
	};
	rootObject = 70E06B3F1F525AD80011DFA5 /* Project object */;
}
